{
  "name": "WebMvcMySql",
  "lockfileVersion": 2,
  "requires": true,
  "packages": {
    "": {
      "dependencies": {
        "systemjs": "^6.14.1"
      },
      "devDependencies": {
        "jquery-mask-plugin": "^1.14.16"
      }
    },
    "node_modules/jquery-mask-plugin": {
      "version": "1.14.16",
      "resolved": "https://registry.npmjs.org/jquery-mask-plugin/-/jquery-mask-plugin-1.14.16.tgz",
      "integrity": "sha512-reywdHlYEkPbzWjTpcc1fk9XQ3PLvO5dzEAVqy8zI7NTF22tB1HbeU3iboZTLdkBEPaWAqeI2HtEjsGQ4roZKw==",
      "dev": true
    },
    "node_modules/systemjs": {
      "version": "6.14.1",
      "resolved": "https://registry.npmjs.org/systemjs/-/systemjs-6.14.1.tgz",
      "integrity": "sha512-8ftwWd+XnQtZ/aGbatrN4QFNGrKJzmbtixW+ODpci7pyoTajg4sonPP8aFLESAcuVxaC1FyDESt+SpfFCH9rZQ=="
    }
  },
  "dependencies": {
    "jquery-mask-plugin": {
      "version": "1.14.16",
      "resolved": "https://registry.npmjs.org/jquery-mask-plugin/-/jquery-mask-plugin-1.14.16.tgz",
      "integrity": "sha512-reywdHlYEkPbzWjTpcc1fk9XQ3PLvO5dzEAVqy8zI7NTF22tB1HbeU3iboZTLdkBEPaWAqeI2HtEjsGQ4roZKw==",
      "dev": true
    },
    "systemjs": {
      "version": "6.14.1",
      "resolved": "https://registry.npmjs.org/systemjs/-/systemjs-6.14.1.tgz",
      "integrity": "sha512-8ftwWd+XnQtZ/aGbatrN4QFNGrKJzmbtixW+ODpci7pyoTajg4sonPP8aFLESAcuVxaC1FyDESt+SpfFCH9rZQ=="
    }
  }
}
